
Microsoft Visual Studio Solution File, Format Version 12.00
# Visual Studio 15
VisualStudioVersion = 15.0.26124.0
MinimumVisualStudioVersion = 15.0.26124.0
Project("{2150E333-8FDC-42A3-9474-1A3956D46DE8}") = "src", "src", "{CDE3D6D8-8032-42EE-8A2F-1C5881E5659D}"
EndProject
Project("{F2A71F9B-5D33-465A-A702-920D77279786}") = "Freya.Types", "src\Freya.Types\Freya.Types.fsproj", "{7BF86ABE-59B3-45FC-AF5B-93C2722BC39A}"
EndProject
Project("{F2A71F9B-5D33-465A-A702-920D77279786}") = "Freya.Types.Http", "src\Freya.Types.Http\Freya.Types.Http.fsproj", "{EA713911-D2B1-4CF7-A3F5-1F001BC31E39}"
EndProject
Project("{F2A71F9B-5D33-465A-A702-920D77279786}") = "Freya.Types.Http.Cors", "src\Freya.Types.Http.Cors\Freya.Types.Http.Cors.fsproj", "{EE673C7B-86F6-4180-A7DC-04E7E31ED965}"
EndProject
Project("{F2A71F9B-5D33-465A-A702-920D77279786}") = "Freya.Types.Http.Patch", "src\Freya.Types.Http.Patch\Freya.Types.Http.Patch.fsproj", "{32A62AE0-B082-4D9F-AB74-FB4C62B5DEDB}"
EndProject
Project("{F2A71F9B-5D33-465A-A702-920D77279786}") = "Freya.Types.Http.State", "src\Freya.Types.Http.State\Freya.Types.Http.State.fsproj", "{5CA1BA99-87AD-475E-BFE9-EC0901B8EA08}"
EndProject
Project("{F2A71F9B-5D33-465A-A702-920D77279786}") = "Freya.Types.Language", "src\Freya.Types.Language\Freya.Types.Language.fsproj", "{EF6F7EB8-1BFC-4389-AEF1-705FCA4BB02F}"
EndProject
Project("{F2A71F9B-5D33-465A-A702-920D77279786}") = "Freya.Types.Uri", "src\Freya.Types.Uri\Freya.Types.Uri.fsproj", "{1DDBC51B-A6BF-496A-98F2-1360E992897C}"
EndProject
Project("{F2A71F9B-5D33-465A-A702-920D77279786}") = "Freya.Types.Uri.Template", "src\Freya.Types.Uri.Template\Freya.Types.Uri.Template.fsproj", "{7F3C7D04-9EA9-4DB6-BB3A-9A2B06A9E514}"
EndProject
Project("{2150E333-8FDC-42A3-9474-1A3956D46DE8}") = "tests", "tests", "{682F9F08-FD59-44F1-8927-C61FC4E223EC}"
EndProject
Project("{F2A71F9B-5D33-465A-A702-920D77279786}") = "Freya.Types.Tests", "tests\Freya.Types.Tests\Freya.Types.Tests.fsproj", "{8192295B-671B-435F-9BC0-B5F6126B94ED}"
EndProject
Project("{F2A71F9B-5D33-465A-A702-920D77279786}") = "Freya.Types.Http.Tests", "tests\Freya.Types.Http.Tests\Freya.Types.Http.Tests.fsproj", "{E7A345B7-A6D5-4D18-9175-360F95A4BE71}"
EndProject
Project("{F2A71F9B-5D33-465A-A702-920D77279786}") = "Freya.Types.Http.Cors.Tests", "tests\Freya.Types.Http.Cors.Tests\Freya.Types.Http.Cors.Tests.fsproj", "{D416918C-E497-4167-9FCB-7DABCABB962F}"
EndProject
Project("{F2A71F9B-5D33-465A-A702-920D77279786}") = "Freya.Types.Http.State.Tests", "tests\Freya.Types.Http.State.Tests\Freya.Types.Http.State.Tests.fsproj", "{0B7CD004-12B0-4A59-B735-825A1FE8898F}"
EndProject
Project("{F2A71F9B-5D33-465A-A702-920D77279786}") = "Freya.Types.Language.Tests", "tests\Freya.Types.Language.Tests\Freya.Types.Language.Tests.fsproj", "{E11AEFDD-F9C5-4346-8622-2AD17FB95B06}"
EndProject
Project("{F2A71F9B-5D33-465A-A702-920D77279786}") = "Freya.Types.Uri.Tests", "tests\Freya.Types.Uri.Tests\Freya.Types.Uri.Tests.fsproj", "{6C4FC734-0E78-430C-84F8-C78A59D4C72D}"
EndProject
Project("{F2A71F9B-5D33-465A-A702-920D77279786}") = "Freya.Types.Uri.Template.Tests", "tests\Freya.Types.Uri.Template.Tests\Freya.Types.Uri.Template.Tests.fsproj", "{7E8BBDF6-125B-4B30-88A0-323D475E810D}"
EndProject
Global
	GlobalSection(SolutionConfigurationPlatforms) = preSolution
		Debug|Any CPU = Debug|Any CPU
		Debug|x64 = Debug|x64
		Debug|x86 = Debug|x86
		Release|Any CPU = Release|Any CPU
		Release|x64 = Release|x64
		Release|x86 = Release|x86
	EndGlobalSection
	GlobalSection(SolutionProperties) = preSolution
		HideSolutionNode = FALSE
	EndGlobalSection
	GlobalSection(ProjectConfigurationPlatforms) = postSolution
		{7BF86ABE-59B3-45FC-AF5B-93C2722BC39A}.Debug|Any CPU.ActiveCfg = Debug|Any CPU
		{7BF86ABE-59B3-45FC-AF5B-93C2722BC39A}.Debug|Any CPU.Build.0 = Debug|Any CPU
		{7BF86ABE-59B3-45FC-AF5B-93C2722BC39A}.Debug|x64.ActiveCfg = Debug|x64
		{7BF86ABE-59B3-45FC-AF5B-93C2722BC39A}.Debug|x64.Build.0 = Debug|x64
		{7BF86ABE-59B3-45FC-AF5B-93C2722BC39A}.Debug|x86.ActiveCfg = Debug|x86
		{7BF86ABE-59B3-45FC-AF5B-93C2722BC39A}.Debug|x86.Build.0 = Debug|x86
		{7BF86ABE-59B3-45FC-AF5B-93C2722BC39A}.Release|Any CPU.ActiveCfg = Release|Any CPU
		{7BF86ABE-59B3-45FC-AF5B-93C2722BC39A}.Release|Any CPU.Build.0 = Release|Any CPU
		{7BF86ABE-59B3-45FC-AF5B-93C2722BC39A}.Release|x64.ActiveCfg = Release|x64
		{7BF86ABE-59B3-45FC-AF5B-93C2722BC39A}.Release|x64.Build.0 = Release|x64
		{7BF86ABE-59B3-45FC-AF5B-93C2722BC39A}.Release|x86.ActiveCfg = Release|x86
		{7BF86ABE-59B3-45FC-AF5B-93C2722BC39A}.Release|x86.Build.0 = Release|x86
		{EA713911-D2B1-4CF7-A3F5-1F001BC31E39}.Debug|Any CPU.ActiveCfg = Debug|Any CPU
		{EA713911-D2B1-4CF7-A3F5-1F001BC31E39}.Debug|Any CPU.Build.0 = Debug|Any CPU
		{EA713911-D2B1-4CF7-A3F5-1F001BC31E39}.Debug|x64.ActiveCfg = Debug|x64
		{EA713911-D2B1-4CF7-A3F5-1F001BC31E39}.Debug|x64.Build.0 = Debug|x64
		{EA713911-D2B1-4CF7-A3F5-1F001BC31E39}.Debug|x86.ActiveCfg = Debug|x86
		{EA713911-D2B1-4CF7-A3F5-1F001BC31E39}.Debug|x86.Build.0 = Debug|x86
		{EA713911-D2B1-4CF7-A3F5-1F001BC31E39}.Release|Any CPU.ActiveCfg = Release|Any CPU
		{EA713911-D2B1-4CF7-A3F5-1F001BC31E39}.Release|Any CPU.Build.0 = Release|Any CPU
		{EA713911-D2B1-4CF7-A3F5-1F001BC31E39}.Release|x64.ActiveCfg = Release|x64
		{EA713911-D2B1-4CF7-A3F5-1F001BC31E39}.Release|x64.Build.0 = Release|x64
		{EA713911-D2B1-4CF7-A3F5-1F001BC31E39}.Release|x86.ActiveCfg = Release|x86
		{EA713911-D2B1-4CF7-A3F5-1F001BC31E39}.Release|x86.Build.0 = Release|x86
		{EE673C7B-86F6-4180-A7DC-04E7E31ED965}.Debug|Any CPU.ActiveCfg = Debug|Any CPU
		{EE673C7B-86F6-4180-A7DC-04E7E31ED965}.Debug|Any CPU.Build.0 = Debug|Any CPU
		{EE673C7B-86F6-4180-A7DC-04E7E31ED965}.Debug|x64.ActiveCfg = Debug|x64
		{EE673C7B-86F6-4180-A7DC-04E7E31ED965}.Debug|x64.Build.0 = Debug|x64
		{EE673C7B-86F6-4180-A7DC-04E7E31ED965}.Debug|x86.ActiveCfg = Debug|x86
		{EE673C7B-86F6-4180-A7DC-04E7E31ED965}.Debug|x86.Build.0 = Debug|x86
		{EE673C7B-86F6-4180-A7DC-04E7E31ED965}.Release|Any CPU.ActiveCfg = Release|Any CPU
		{EE673C7B-86F6-4180-A7DC-04E7E31ED965}.Release|Any CPU.Build.0 = Release|Any CPU
		{EE673C7B-86F6-4180-A7DC-04E7E31ED965}.Release|x64.ActiveCfg = Release|x64
		{EE673C7B-86F6-4180-A7DC-04E7E31ED965}.Release|x64.Build.0 = Release|x64
		{EE673C7B-86F6-4180-A7DC-04E7E31ED965}.Release|x86.ActiveCfg = Release|x86
		{EE673C7B-86F6-4180-A7DC-04E7E31ED965}.Release|x86.Build.0 = Release|x86
		{32A62AE0-B082-4D9F-AB74-FB4C62B5DEDB}.Debug|Any CPU.ActiveCfg = Debug|Any CPU
		{32A62AE0-B082-4D9F-AB74-FB4C62B5DEDB}.Debug|Any CPU.Build.0 = Debug|Any CPU
		{32A62AE0-B082-4D9F-AB74-FB4C62B5DEDB}.Debug|x64.ActiveCfg = Debug|x64
		{32A62AE0-B082-4D9F-AB74-FB4C62B5DEDB}.Debug|x64.Build.0 = Debug|x64
		{32A62AE0-B082-4D9F-AB74-FB4C62B5DEDB}.Debug|x86.ActiveCfg = Debug|x86
		{32A62AE0-B082-4D9F-AB74-FB4C62B5DEDB}.Debug|x86.Build.0 = Debug|x86
		{32A62AE0-B082-4D9F-AB74-FB4C62B5DEDB}.Release|Any CPU.ActiveCfg = Release|Any CPU
		{32A62AE0-B082-4D9F-AB74-FB4C62B5DEDB}.Release|Any CPU.Build.0 = Release|Any CPU
		{32A62AE0-B082-4D9F-AB74-FB4C62B5DEDB}.Release|x64.ActiveCfg = Release|x64
		{32A62AE0-B082-4D9F-AB74-FB4C62B5DEDB}.Release|x64.Build.0 = Release|x64
		{32A62AE0-B082-4D9F-AB74-FB4C62B5DEDB}.Release|x86.ActiveCfg = Release|x86
		{32A62AE0-B082-4D9F-AB74-FB4C62B5DEDB}.Release|x86.Build.0 = Release|x86
		{5CA1BA99-87AD-475E-BFE9-EC0901B8EA08}.Debug|Any CPU.ActiveCfg = Debug|Any CPU
		{5CA1BA99-87AD-475E-BFE9-EC0901B8EA08}.Debug|Any CPU.Build.0 = Debug|Any CPU
		{5CA1BA99-87AD-475E-BFE9-EC0901B8EA08}.Debug|x64.ActiveCfg = Debug|x64
		{5CA1BA99-87AD-475E-BFE9-EC0901B8EA08}.Debug|x64.Build.0 = Debug|x64
		{5CA1BA99-87AD-475E-BFE9-EC0901B8EA08}.Debug|x86.ActiveCfg = Debug|x86
		{5CA1BA99-87AD-475E-BFE9-EC0901B8EA08}.Debug|x86.Build.0 = Debug|x86
		{5CA1BA99-87AD-475E-BFE9-EC0901B8EA08}.Release|Any CPU.ActiveCfg = Release|Any CPU
		{5CA1BA99-87AD-475E-BFE9-EC0901B8EA08}.Release|Any CPU.Build.0 = Release|Any CPU
		{5CA1BA99-87AD-475E-BFE9-EC0901B8EA08}.Release|x64.ActiveCfg = Release|x64
		{5CA1BA99-87AD-475E-BFE9-EC0901B8EA08}.Release|x64.Build.0 = Release|x64
		{5CA1BA99-87AD-475E-BFE9-EC0901B8EA08}.Release|x86.ActiveCfg = Release|x86
		{5CA1BA99-87AD-475E-BFE9-EC0901B8EA08}.Release|x86.Build.0 = Release|x86
		{EF6F7EB8-1BFC-4389-AEF1-705FCA4BB02F}.Debug|Any CPU.ActiveCfg = Debug|Any CPU
		{EF6F7EB8-1BFC-4389-AEF1-705FCA4BB02F}.Debug|Any CPU.Build.0 = Debug|Any CPU
		{EF6F7EB8-1BFC-4389-AEF1-705FCA4BB02F}.Debug|x64.ActiveCfg = Debug|x64
		{EF6F7EB8-1BFC-4389-AEF1-705FCA4BB02F}.Debug|x64.Build.0 = Debug|x64
		{EF6F7EB8-1BFC-4389-AEF1-705FCA4BB02F}.Debug|x86.ActiveCfg = Debug|x86
		{EF6F7EB8-1BFC-4389-AEF1-705FCA4BB02F}.Debug|x86.Build.0 = Debug|x86
		{EF6F7EB8-1BFC-4389-AEF1-705FCA4BB02F}.Release|Any CPU.ActiveCfg = Release|Any CPU
		{EF6F7EB8-1BFC-4389-AEF1-705FCA4BB02F}.Release|Any CPU.Build.0 = Release|Any CPU
		{EF6F7EB8-1BFC-4389-AEF1-705FCA4BB02F}.Release|x64.ActiveCfg = Release|x64
		{EF6F7EB8-1BFC-4389-AEF1-705FCA4BB02F}.Release|x64.Build.0 = Release|x64
		{EF6F7EB8-1BFC-4389-AEF1-705FCA4BB02F}.Release|x86.ActiveCfg = Release|x86
		{EF6F7EB8-1BFC-4389-AEF1-705FCA4BB02F}.Release|x86.Build.0 = Release|x86
		{1DDBC51B-A6BF-496A-98F2-1360E992897C}.Debug|Any CPU.ActiveCfg = Debug|Any CPU
		{1DDBC51B-A6BF-496A-98F2-1360E992897C}.Debug|Any CPU.Build.0 = Debug|Any CPU
		{1DDBC51B-A6BF-496A-98F2-1360E992897C}.Debug|x64.ActiveCfg = Debug|x64
		{1DDBC51B-A6BF-496A-98F2-1360E992897C}.Debug|x64.Build.0 = Debug|x64
		{1DDBC51B-A6BF-496A-98F2-1360E992897C}.Debug|x86.ActiveCfg = Debug|x86
		{1DDBC51B-A6BF-496A-98F2-1360E992897C}.Debug|x86.Build.0 = Debug|x86
		{1DDBC51B-A6BF-496A-98F2-1360E992897C}.Release|Any CPU.ActiveCfg = Release|Any CPU
		{1DDBC51B-A6BF-496A-98F2-1360E992897C}.Release|Any CPU.Build.0 = Release|Any CPU
		{1DDBC51B-A6BF-496A-98F2-1360E992897C}.Release|x64.ActiveCfg = Release|x64
		{1DDBC51B-A6BF-496A-98F2-1360E992897C}.Release|x64.Build.0 = Release|x64
		{1DDBC51B-A6BF-496A-98F2-1360E992897C}.Release|x86.ActiveCfg = Release|x86
		{1DDBC51B-A6BF-496A-98F2-1360E992897C}.Release|x86.Build.0 = Release|x86
		{7F3C7D04-9EA9-4DB6-BB3A-9A2B06A9E514}.Debug|Any CPU.ActiveCfg = Debug|Any CPU
		{7F3C7D04-9EA9-4DB6-BB3A-9A2B06A9E514}.Debug|Any CPU.Build.0 = Debug|Any CPU
		{7F3C7D04-9EA9-4DB6-BB3A-9A2B06A9E514}.Debug|x64.ActiveCfg = Debug|x64
		{7F3C7D04-9EA9-4DB6-BB3A-9A2B06A9E514}.Debug|x64.Build.0 = Debug|x64
		{7F3C7D04-9EA9-4DB6-BB3A-9A2B06A9E514}.Debug|x86.ActiveCfg = Debug|x86
		{7F3C7D04-9EA9-4DB6-BB3A-9A2B06A9E514}.Debug|x86.Build.0 = Debug|x86
		{7F3C7D04-9EA9-4DB6-BB3A-9A2B06A9E514}.Release|Any CPU.ActiveCfg = Release|Any CPU
		{7F3C7D04-9EA9-4DB6-BB3A-9A2B06A9E514}.Release|Any CPU.Build.0 = Release|Any CPU
		{7F3C7D04-9EA9-4DB6-BB3A-9A2B06A9E514}.Release|x64.ActiveCfg = Release|x64
		{7F3C7D04-9EA9-4DB6-BB3A-9A2B06A9E514}.Release|x64.Build.0 = Release|x64
		{7F3C7D04-9EA9-4DB6-BB3A-9A2B06A9E514}.Release|x86.ActiveCfg = Release|x86
		{7F3C7D04-9EA9-4DB6-BB3A-9A2B06A9E514}.Release|x86.Build.0 = Release|x86
		{8192295B-671B-435F-9BC0-B5F6126B94ED}.Debug|Any CPU.ActiveCfg = Debug|Any CPU
		{8192295B-671B-435F-9BC0-B5F6126B94ED}.Debug|Any CPU.Build.0 = Debug|Any CPU
		{8192295B-671B-435F-9BC0-B5F6126B94ED}.Debug|x64.ActiveCfg = Debug|x64
		{8192295B-671B-435F-9BC0-B5F6126B94ED}.Debug|x64.Build.0 = Debug|x64
		{8192295B-671B-435F-9BC0-B5F6126B94ED}.Debug|x86.ActiveCfg = Debug|x86
		{8192295B-671B-435F-9BC0-B5F6126B94ED}.Debug|x86.Build.0 = Debug|x86
		{8192295B-671B-435F-9BC0-B5F6126B94ED}.Release|Any CPU.ActiveCfg = Release|Any CPU
		{8192295B-671B-435F-9BC0-B5F6126B94ED}.Release|Any CPU.Build.0 = Release|Any CPU
		{8192295B-671B-435F-9BC0-B5F6126B94ED}.Release|x64.ActiveCfg = Release|x64
		{8192295B-671B-435F-9BC0-B5F6126B94ED}.Release|x64.Build.0 = Release|x64
		{8192295B-671B-435F-9BC0-B5F6126B94ED}.Release|x86.ActiveCfg = Release|x86
		{8192295B-671B-435F-9BC0-B5F6126B94ED}.Release|x86.Build.0 = Release|x86
		{E7A345B7-A6D5-4D18-9175-360F95A4BE71}.Debug|Any CPU.ActiveCfg = Debug|Any CPU
		{E7A345B7-A6D5-4D18-9175-360F95A4BE71}.Debug|Any CPU.Build.0 = Debug|Any CPU
		{E7A345B7-A6D5-4D18-9175-360F95A4BE71}.Debug|x64.ActiveCfg = Debug|x64
		{E7A345B7-A6D5-4D18-9175-360F95A4BE71}.Debug|x64.Build.0 = Debug|x64
		{E7A345B7-A6D5-4D18-9175-360F95A4BE71}.Debug|x86.ActiveCfg = Debug|x86
		{E7A345B7-A6D5-4D18-9175-360F95A4BE71}.Debug|x86.Build.0 = Debug|x86
		{E7A345B7-A6D5-4D18-9175-360F95A4BE71}.Release|Any CPU.ActiveCfg = Release|Any CPU
		{E7A345B7-A6D5-4D18-9175-360F95A4BE71}.Release|Any CPU.Build.0 = Release|Any CPU
		{E7A345B7-A6D5-4D18-9175-360F95A4BE71}.Release|x64.ActiveCfg = Release|x64
		{E7A345B7-A6D5-4D18-9175-360F95A4BE71}.Release|x64.Build.0 = Release|x64
		{E7A345B7-A6D5-4D18-9175-360F95A4BE71}.Release|x86.ActiveCfg = Release|x86
		{E7A345B7-A6D5-4D18-9175-360F95A4BE71}.Release|x86.Build.0 = Release|x86
		{D416918C-E497-4167-9FCB-7DABCABB962F}.Debug|Any CPU.ActiveCfg = Debug|Any CPU
		{D416918C-E497-4167-9FCB-7DABCABB962F}.Debug|Any CPU.Build.0 = Debug|Any CPU
		{D416918C-E497-4167-9FCB-7DABCABB962F}.Debug|x64.ActiveCfg = Debug|x64
		{D416918C-E497-4167-9FCB-7DABCABB962F}.Debug|x64.Build.0 = Debug|x64
		{D416918C-E497-4167-9FCB-7DABCABB962F}.Debug|x86.ActiveCfg = Debug|x86
		{D416918C-E497-4167-9FCB-7DABCABB962F}.Debug|x86.Build.0 = Debug|x86
		{D416918C-E497-4167-9FCB-7DABCABB962F}.Release|Any CPU.ActiveCfg = Release|Any CPU
		{D416918C-E497-4167-9FCB-7DABCABB962F}.Release|Any CPU.Build.0 = Release|Any CPU
		{D416918C-E497-4167-9FCB-7DABCABB962F}.Release|x64.ActiveCfg = Release|x64
		{D416918C-E497-4167-9FCB-7DABCABB962F}.Release|x64.Build.0 = Release|x64
		{D416918C-E497-4167-9FCB-7DABCABB962F}.Release|x86.ActiveCfg = Release|x86
		{D416918C-E497-4167-9FCB-7DABCABB962F}.Release|x86.Build.0 = Release|x86
		{0B7CD004-12B0-4A59-B735-825A1FE8898F}.Debug|Any CPU.ActiveCfg = Debug|Any CPU
		{0B7CD004-12B0-4A59-B735-825A1FE8898F}.Debug|Any CPU.Build.0 = Debug|Any CPU
		{0B7CD004-12B0-4A59-B735-825A1FE8898F}.Debug|x64.ActiveCfg = Debug|x64
		{0B7CD004-12B0-4A59-B735-825A1FE8898F}.Debug|x64.Build.0 = Debug|x64
		{0B7CD004-12B0-4A59-B735-825A1FE8898F}.Debug|x86.ActiveCfg = Debug|x86
		{0B7CD004-12B0-4A59-B735-825A1FE8898F}.Debug|x86.Build.0 = Debug|x86
		{0B7CD004-12B0-4A59-B735-825A1FE8898F}.Release|Any CPU.ActiveCfg = Release|Any CPU
		{0B7CD004-12B0-4A59-B735-825A1FE8898F}.Release|Any CPU.Build.0 = Release|Any CPU
		{0B7CD004-12B0-4A59-B735-825A1FE8898F}.Release|x64.ActiveCfg = Release|x64
		{0B7CD004-12B0-4A59-B735-825A1FE8898F}.Release|x64.Build.0 = Release|x64
		{0B7CD004-12B0-4A59-B735-825A1FE8898F}.Release|x86.ActiveCfg = Release|x86
		{0B7CD004-12B0-4A59-B735-825A1FE8898F}.Release|x86.Build.0 = Release|x86
		{E11AEFDD-F9C5-4346-8622-2AD17FB95B06}.Debug|Any CPU.ActiveCfg = Debug|Any CPU
		{E11AEFDD-F9C5-4346-8622-2AD17FB95B06}.Debug|Any CPU.Build.0 = Debug|Any CPU
		{E11AEFDD-F9C5-4346-8622-2AD17FB95B06}.Debug|x64.ActiveCfg = Debug|x64
		{E11AEFDD-F9C5-4346-8622-2AD17FB95B06}.Debug|x64.Build.0 = Debug|x64
		{E11AEFDD-F9C5-4346-8622-2AD17FB95B06}.Debug|x86.ActiveCfg = Debug|x86
		{E11AEFDD-F9C5-4346-8622-2AD17FB95B06}.Debug|x86.Build.0 = Debug|x86
		{E11AEFDD-F9C5-4346-8622-2AD17FB95B06}.Release|Any CPU.ActiveCfg = Release|Any CPU
		{E11AEFDD-F9C5-4346-8622-2AD17FB95B06}.Release|Any CPU.Build.0 = Release|Any CPU
		{E11AEFDD-F9C5-4346-8622-2AD17FB95B06}.Release|x64.ActiveCfg = Release|x64
		{E11AEFDD-F9C5-4346-8622-2AD17FB95B06}.Release|x64.Build.0 = Release|x64
		{E11AEFDD-F9C5-4346-8622-2AD17FB95B06}.Release|x86.ActiveCfg = Release|x86
		{E11AEFDD-F9C5-4346-8622-2AD17FB95B06}.Release|x86.Build.0 = Release|x86
		{6C4FC734-0E78-430C-84F8-C78A59D4C72D}.Debug|Any CPU.ActiveCfg = Debug|Any CPU
		{6C4FC734-0E78-430C-84F8-C78A59D4C72D}.Debug|Any CPU.Build.0 = Debug|Any CPU
		{6C4FC734-0E78-430C-84F8-C78A59D4C72D}.Debug|x64.ActiveCfg = Debug|x64
		{6C4FC734-0E78-430C-84F8-C78A59D4C72D}.Debug|x64.Build.0 = Debug|x64
		{6C4FC734-0E78-430C-84F8-C78A59D4C72D}.Debug|x86.ActiveCfg = Debug|x86
		{6C4FC734-0E78-430C-84F8-C78A59D4C72D}.Debug|x86.Build.0 = Debug|x86
		{6C4FC734-0E78-430C-84F8-C78A59D4C72D}.Release|Any CPU.ActiveCfg = Release|Any CPU
		{6C4FC734-0E78-430C-84F8-C78A59D4C72D}.Release|Any CPU.Build.0 = Release|Any CPU
		{6C4FC734-0E78-430C-84F8-C78A59D4C72D}.Release|x64.ActiveCfg = Release|x64
		{6C4FC734-0E78-430C-84F8-C78A59D4C72D}.Release|x64.Build.0 = Release|x64
		{6C4FC734-0E78-430C-84F8-C78A59D4C72D}.Release|x86.ActiveCfg = Release|x86
		{6C4FC734-0E78-430C-84F8-C78A59D4C72D}.Release|x86.Build.0 = Release|x86
		{7E8BBDF6-125B-4B30-88A0-323D475E810D}.Debug|Any CPU.ActiveCfg = Debug|Any CPU
		{7E8BBDF6-125B-4B30-88A0-323D475E810D}.Debug|Any CPU.Build.0 = Debug|Any CPU
		{7E8BBDF6-125B-4B30-88A0-323D475E810D}.Debug|x64.ActiveCfg = Debug|x64
		{7E8BBDF6-125B-4B30-88A0-323D475E810D}.Debug|x64.Build.0 = Debug|x64
		{7E8BBDF6-125B-4B30-88A0-323D475E810D}.Debug|x86.ActiveCfg = Debug|x86
		{7E8BBDF6-125B-4B30-88A0-323D475E810D}.Debug|x86.Build.0 = Debug|x86
		{7E8BBDF6-125B-4B30-88A0-323D475E810D}.Release|Any CPU.ActiveCfg = Release|Any CPU
		{7E8BBDF6-125B-4B30-88A0-323D475E810D}.Release|Any CPU.Build.0 = Release|Any CPU
		{7E8BBDF6-125B-4B30-88A0-323D475E810D}.Release|x64.ActiveCfg = Release|x64
		{7E8BBDF6-125B-4B30-88A0-323D475E810D}.Release|x64.Build.0 = Release|x64
		{7E8BBDF6-125B-4B30-88A0-323D475E810D}.Release|x86.ActiveCfg = Release|x86
		{7E8BBDF6-125B-4B30-88A0-323D475E810D}.Release|x86.Build.0 = Release|x86
	EndGlobalSection
	GlobalSection(NestedProjects) = preSolution
		{7BF86ABE-59B3-45FC-AF5B-93C2722BC39A} = {CDE3D6D8-8032-42EE-8A2F-1C5881E5659D}
		{EA713911-D2B1-4CF7-A3F5-1F001BC31E39} = {CDE3D6D8-8032-42EE-8A2F-1C5881E5659D}
		{EE673C7B-86F6-4180-A7DC-04E7E31ED965} = {CDE3D6D8-8032-42EE-8A2F-1C5881E5659D}
		{32A62AE0-B082-4D9F-AB74-FB4C62B5DEDB} = {CDE3D6D8-8032-42EE-8A2F-1C5881E5659D}
		{5CA1BA99-87AD-475E-BFE9-EC0901B8EA08} = {CDE3D6D8-8032-42EE-8A2F-1C5881E5659D}
		{EF6F7EB8-1BFC-4389-AEF1-705FCA4BB02F} = {CDE3D6D8-8032-42EE-8A2F-1C5881E5659D}
		{1DDBC51B-A6BF-496A-98F2-1360E992897C} = {CDE3D6D8-8032-42EE-8A2F-1C5881E5659D}
		{7F3C7D04-9EA9-4DB6-BB3A-9A2B06A9E514} = {CDE3D6D8-8032-42EE-8A2F-1C5881E5659D}
		{8192295B-671B-435F-9BC0-B5F6126B94ED} = {682F9F08-FD59-44F1-8927-C61FC4E223EC}
		{E7A345B7-A6D5-4D18-9175-360F95A4BE71} = {682F9F08-FD59-44F1-8927-C61FC4E223EC}
		{D416918C-E497-4167-9FCB-7DABCABB962F} = {682F9F08-FD59-44F1-8927-C61FC4E223EC}
		{0B7CD004-12B0-4A59-B735-825A1FE8898F} = {682F9F08-FD59-44F1-8927-C61FC4E223EC}
		{E11AEFDD-F9C5-4346-8622-2AD17FB95B06} = {682F9F08-FD59-44F1-8927-C61FC4E223EC}
		{6C4FC734-0E78-430C-84F8-C78A59D4C72D} = {682F9F08-FD59-44F1-8927-C61FC4E223EC}
		{7E8BBDF6-125B-4B30-88A0-323D475E810D} = {682F9F08-FD59-44F1-8927-C61FC4E223EC}
	EndGlobalSection
EndGlobal
