
Microsoft Visual Studio Solution File, Format Version 12.00
# Visual Studio 14
VisualStudioVersion = 14.0.25420.1
MinimumVisualStudioVersion = 10.0.40219.1
Project("{2150E333-8FDC-42A3-9474-1A3956D46DE8}") = "sln", "sln", "{47E89AC0-6A5B-4982-9DF6-2BA0DC270C71}"
EndProject
Project("{2150E333-8FDC-42A3-9474-1A3956D46DE8}") = "src", "src", "{7C140BB9-5D0F-4D6D-A34E-3BE5CBC2A5A5}"
EndProject
Project("{2150E333-8FDC-42A3-9474-1A3956D46DE8}") = "tests", "tests", "{1E748272-4EC3-464C-8DD3-90A21E8EB223}"
EndProject
Project("{2150E333-8FDC-42A3-9474-1A3956D46DE8}") = "build", "build", "{70F27F07-1AB8-4F7A-BADB-EF59C6EA9D9A}"
	ProjectSection(SolutionItems) = preProject
		build.cmd = build.cmd
	EndProjectSection
EndProject
Project("{2150E333-8FDC-42A3-9474-1A3956D46DE8}") = "dependencies", "dependencies", "{5F9B2CDB-73AF-4910-8A59-4E6AC312102F}"
	ProjectSection(SolutionItems) = preProject
		paket.dependencies = paket.dependencies
		paket.lock = paket.lock
	EndProjectSection
EndProject
Project("{F2A71F9B-5D33-465A-A702-920D77279786}") = "Freya.Types", "src\Freya.Types\Freya.Types.fsproj", "{51605A1C-5435-4499-822F-F1B47BC0EA91}"
EndProject
Project("{F2A71F9B-5D33-465A-A702-920D77279786}") = "Freya.Types.Uri", "src\Freya.Types.Uri\Freya.Types.Uri.fsproj", "{1756C903-4F02-4E12-80CB-A39514E3F1DE}"
EndProject
Project("{F2A71F9B-5D33-465A-A702-920D77279786}") = "Freya.Types.Language", "src\Freya.Types.Language\Freya.Types.Language.fsproj", "{2629B1E2-68AD-454D-B99E-6B3A022EE351}"
EndProject
Project("{F2A71F9B-5D33-465A-A702-920D77279786}") = "Freya.Types.Http", "src\Freya.Types.Http\Freya.Types.Http.fsproj", "{8D73B866-F2F6-45F3-9D9D-D53492A49E76}"
EndProject
Project("{F2A71F9B-5D33-465A-A702-920D77279786}") = "Freya.Types.Http.State", "src\Freya.Types.Http.State\Freya.Types.Http.State.fsproj", "{318CA5D6-8D84-40A2-B24C-067F8ECB8A93}"
EndProject
Project("{F2A71F9B-5D33-465A-A702-920D77279786}") = "Freya.Types.Http.Cors", "src\Freya.Types.Http.Cors\Freya.Types.Http.Cors.fsproj", "{CC647D2D-7994-4B22-927C-047F4D8776A9}"
EndProject
Project("{F2A71F9B-5D33-465A-A702-920D77279786}") = "Freya.Types.Uri.Template", "src\Freya.Types.Uri.Template\Freya.Types.Uri.Template.fsproj", "{5A086E0B-174D-4A51-ADD0-5E83A9BFAD09}"
EndProject
Project("{F2A71F9B-5D33-465A-A702-920D77279786}") = "Freya.Types.Tests", "tests\Freya.Types.Tests\Freya.Types.Tests.fsproj", "{9D1434C9-7B40-422F-808C-226FAD573B52}"
EndProject
Project("{F2A71F9B-5D33-465A-A702-920D77279786}") = "Freya.Types.Uri.Tests", "tests\Freya.Types.Uri.Tests\Freya.Types.Uri.Tests.fsproj", "{29BEC457-8080-4866-87E8-38372E7629B2}"
EndProject
Project("{F2A71F9B-5D33-465A-A702-920D77279786}") = "Freya.Types.Uri.Template.Tests", "tests\Freya.Types.Uri.Template.Tests\Freya.Types.Uri.Template.Tests.fsproj", "{7A274BC2-879B-4669-9D2A-6BA4D517C084}"
EndProject
Project("{F2A71F9B-5D33-465A-A702-920D77279786}") = "Freya.Types.Http.Tests", "tests\Freya.Types.Http.Tests\Freya.Types.Http.Tests.fsproj", "{D8AC84DF-BBCA-4072-B8B3-1AF908AF3D94}"
EndProject
Project("{F2A71F9B-5D33-465A-A702-920D77279786}") = "Freya.Types.Http.Cors.Tests", "tests\Freya.Types.Http.Cors.Tests\Freya.Types.Http.Cors.Tests.fsproj", "{6FAA9344-61DE-4FDC-8EB2-9EF6BD1EC46E}"
EndProject
Project("{F2A71F9B-5D33-465A-A702-920D77279786}") = "Freya.Types.Http.State.Tests", "tests\Freya.Types.Http.State.Tests\Freya.Types.Http.State.Tests.fsproj", "{3199EB0A-814E-4B07-A891-DC62663A49A1}"
EndProject
Project("{F2A71F9B-5D33-465A-A702-920D77279786}") = "Freya.Types.Language.Tests", "tests\Freya.Types.Language.Tests\Freya.Types.Language.Tests.fsproj", "{4A62F937-3AB9-4725-9093-257C91ABB907}"
EndProject
Project("{F2A71F9B-5D33-465A-A702-920D77279786}") = "Freya.Types.Http.Patch", "src\Freya.Types.Http.Patch\Freya.Types.Http.Patch.fsproj", "{F954C450-74E8-4C0E-AE15-F2CEE2C81342}"
EndProject
Project("{2150E333-8FDC-42A3-9474-1A3956D46DE8}") = "variants", "variants", "{79FBBECF-710D-4A2C-89CA-81E9446A0B76}"
EndProject
Project("{2150E333-8FDC-42A3-9474-1A3956D46DE8}") = "common", "common", "{0EBC9C75-7CED-470D-96AD-6F6F3745B414}"
EndProject
Global
	GlobalSection(SolutionConfigurationPlatforms) = preSolution
		Debug|Any CPU = Debug|Any CPU
		Release|Any CPU = Release|Any CPU
	EndGlobalSection
	GlobalSection(ProjectConfigurationPlatforms) = postSolution
		{51605A1C-5435-4499-822F-F1B47BC0EA91}.Debug|Any CPU.ActiveCfg = Debug|Any CPU
		{51605A1C-5435-4499-822F-F1B47BC0EA91}.Debug|Any CPU.Build.0 = Debug|Any CPU
		{51605A1C-5435-4499-822F-F1B47BC0EA91}.Release|Any CPU.ActiveCfg = Release|Any CPU
		{51605A1C-5435-4499-822F-F1B47BC0EA91}.Release|Any CPU.Build.0 = Release|Any CPU
		{1756C903-4F02-4E12-80CB-A39514E3F1DE}.Debug|Any CPU.ActiveCfg = Debug|Any CPU
		{1756C903-4F02-4E12-80CB-A39514E3F1DE}.Debug|Any CPU.Build.0 = Debug|Any CPU
		{1756C903-4F02-4E12-80CB-A39514E3F1DE}.Release|Any CPU.ActiveCfg = Release|Any CPU
		{1756C903-4F02-4E12-80CB-A39514E3F1DE}.Release|Any CPU.Build.0 = Release|Any CPU
		{2629B1E2-68AD-454D-B99E-6B3A022EE351}.Debug|Any CPU.ActiveCfg = Debug|Any CPU
		{2629B1E2-68AD-454D-B99E-6B3A022EE351}.Debug|Any CPU.Build.0 = Debug|Any CPU
		{2629B1E2-68AD-454D-B99E-6B3A022EE351}.Release|Any CPU.ActiveCfg = Release|Any CPU
		{2629B1E2-68AD-454D-B99E-6B3A022EE351}.Release|Any CPU.Build.0 = Release|Any CPU
		{8D73B866-F2F6-45F3-9D9D-D53492A49E76}.Debug|Any CPU.ActiveCfg = Debug|Any CPU
		{8D73B866-F2F6-45F3-9D9D-D53492A49E76}.Debug|Any CPU.Build.0 = Debug|Any CPU
		{8D73B866-F2F6-45F3-9D9D-D53492A49E76}.Release|Any CPU.ActiveCfg = Release|Any CPU
		{8D73B866-F2F6-45F3-9D9D-D53492A49E76}.Release|Any CPU.Build.0 = Release|Any CPU
		{318CA5D6-8D84-40A2-B24C-067F8ECB8A93}.Debug|Any CPU.ActiveCfg = Debug|Any CPU
		{318CA5D6-8D84-40A2-B24C-067F8ECB8A93}.Debug|Any CPU.Build.0 = Debug|Any CPU
		{318CA5D6-8D84-40A2-B24C-067F8ECB8A93}.Release|Any CPU.ActiveCfg = Release|Any CPU
		{318CA5D6-8D84-40A2-B24C-067F8ECB8A93}.Release|Any CPU.Build.0 = Release|Any CPU
		{CC647D2D-7994-4B22-927C-047F4D8776A9}.Debug|Any CPU.ActiveCfg = Debug|Any CPU
		{CC647D2D-7994-4B22-927C-047F4D8776A9}.Debug|Any CPU.Build.0 = Debug|Any CPU
		{CC647D2D-7994-4B22-927C-047F4D8776A9}.Release|Any CPU.ActiveCfg = Release|Any CPU
		{CC647D2D-7994-4B22-927C-047F4D8776A9}.Release|Any CPU.Build.0 = Release|Any CPU
		{5A086E0B-174D-4A51-ADD0-5E83A9BFAD09}.Debug|Any CPU.ActiveCfg = Debug|Any CPU
		{5A086E0B-174D-4A51-ADD0-5E83A9BFAD09}.Debug|Any CPU.Build.0 = Debug|Any CPU
		{5A086E0B-174D-4A51-ADD0-5E83A9BFAD09}.Release|Any CPU.ActiveCfg = Release|Any CPU
		{5A086E0B-174D-4A51-ADD0-5E83A9BFAD09}.Release|Any CPU.Build.0 = Release|Any CPU
		{9D1434C9-7B40-422F-808C-226FAD573B52}.Debug|Any CPU.ActiveCfg = Debug|Any CPU
		{9D1434C9-7B40-422F-808C-226FAD573B52}.Debug|Any CPU.Build.0 = Debug|Any CPU
		{9D1434C9-7B40-422F-808C-226FAD573B52}.Release|Any CPU.ActiveCfg = Release|Any CPU
		{9D1434C9-7B40-422F-808C-226FAD573B52}.Release|Any CPU.Build.0 = Release|Any CPU
		{29BEC457-8080-4866-87E8-38372E7629B2}.Debug|Any CPU.ActiveCfg = Debug|Any CPU
		{29BEC457-8080-4866-87E8-38372E7629B2}.Debug|Any CPU.Build.0 = Debug|Any CPU
		{29BEC457-8080-4866-87E8-38372E7629B2}.Release|Any CPU.ActiveCfg = Release|Any CPU
		{29BEC457-8080-4866-87E8-38372E7629B2}.Release|Any CPU.Build.0 = Release|Any CPU
		{7A274BC2-879B-4669-9D2A-6BA4D517C084}.Debug|Any CPU.ActiveCfg = Debug|Any CPU
		{7A274BC2-879B-4669-9D2A-6BA4D517C084}.Debug|Any CPU.Build.0 = Debug|Any CPU
		{7A274BC2-879B-4669-9D2A-6BA4D517C084}.Release|Any CPU.ActiveCfg = Release|Any CPU
		{7A274BC2-879B-4669-9D2A-6BA4D517C084}.Release|Any CPU.Build.0 = Release|Any CPU
		{D8AC84DF-BBCA-4072-B8B3-1AF908AF3D94}.Debug|Any CPU.ActiveCfg = Debug|Any CPU
		{D8AC84DF-BBCA-4072-B8B3-1AF908AF3D94}.Debug|Any CPU.Build.0 = Debug|Any CPU
		{D8AC84DF-BBCA-4072-B8B3-1AF908AF3D94}.Release|Any CPU.ActiveCfg = Release|Any CPU
		{D8AC84DF-BBCA-4072-B8B3-1AF908AF3D94}.Release|Any CPU.Build.0 = Release|Any CPU
		{6FAA9344-61DE-4FDC-8EB2-9EF6BD1EC46E}.Debug|Any CPU.ActiveCfg = Debug|Any CPU
		{6FAA9344-61DE-4FDC-8EB2-9EF6BD1EC46E}.Debug|Any CPU.Build.0 = Debug|Any CPU
		{6FAA9344-61DE-4FDC-8EB2-9EF6BD1EC46E}.Release|Any CPU.ActiveCfg = Release|Any CPU
		{6FAA9344-61DE-4FDC-8EB2-9EF6BD1EC46E}.Release|Any CPU.Build.0 = Release|Any CPU
		{3199EB0A-814E-4B07-A891-DC62663A49A1}.Debug|Any CPU.ActiveCfg = Debug|Any CPU
		{3199EB0A-814E-4B07-A891-DC62663A49A1}.Debug|Any CPU.Build.0 = Debug|Any CPU
		{3199EB0A-814E-4B07-A891-DC62663A49A1}.Release|Any CPU.ActiveCfg = Release|Any CPU
		{3199EB0A-814E-4B07-A891-DC62663A49A1}.Release|Any CPU.Build.0 = Release|Any CPU
		{4A62F937-3AB9-4725-9093-257C91ABB907}.Debug|Any CPU.ActiveCfg = Debug|Any CPU
		{4A62F937-3AB9-4725-9093-257C91ABB907}.Debug|Any CPU.Build.0 = Debug|Any CPU
		{4A62F937-3AB9-4725-9093-257C91ABB907}.Release|Any CPU.ActiveCfg = Release|Any CPU
		{4A62F937-3AB9-4725-9093-257C91ABB907}.Release|Any CPU.Build.0 = Release|Any CPU
		{F954C450-74E8-4C0E-AE15-F2CEE2C81342}.Debug|Any CPU.ActiveCfg = Debug|Any CPU
		{F954C450-74E8-4C0E-AE15-F2CEE2C81342}.Debug|Any CPU.Build.0 = Debug|Any CPU
		{F954C450-74E8-4C0E-AE15-F2CEE2C81342}.Release|Any CPU.ActiveCfg = Release|Any CPU
		{F954C450-74E8-4C0E-AE15-F2CEE2C81342}.Release|Any CPU.Build.0 = Release|Any CPU
	EndGlobalSection
	GlobalSection(SolutionProperties) = preSolution
		HideSolutionNode = FALSE
	EndGlobalSection
	GlobalSection(NestedProjects) = preSolution
		{7C140BB9-5D0F-4D6D-A34E-3BE5CBC2A5A5} = {0EBC9C75-7CED-470D-96AD-6F6F3745B414}
		{1E748272-4EC3-464C-8DD3-90A21E8EB223} = {0EBC9C75-7CED-470D-96AD-6F6F3745B414}
		{70F27F07-1AB8-4F7A-BADB-EF59C6EA9D9A} = {47E89AC0-6A5B-4982-9DF6-2BA0DC270C71}
		{5F9B2CDB-73AF-4910-8A59-4E6AC312102F} = {47E89AC0-6A5B-4982-9DF6-2BA0DC270C71}
		{51605A1C-5435-4499-822F-F1B47BC0EA91} = {7C140BB9-5D0F-4D6D-A34E-3BE5CBC2A5A5}
		{1756C903-4F02-4E12-80CB-A39514E3F1DE} = {7C140BB9-5D0F-4D6D-A34E-3BE5CBC2A5A5}
		{2629B1E2-68AD-454D-B99E-6B3A022EE351} = {7C140BB9-5D0F-4D6D-A34E-3BE5CBC2A5A5}
		{8D73B866-F2F6-45F3-9D9D-D53492A49E76} = {7C140BB9-5D0F-4D6D-A34E-3BE5CBC2A5A5}
		{318CA5D6-8D84-40A2-B24C-067F8ECB8A93} = {7C140BB9-5D0F-4D6D-A34E-3BE5CBC2A5A5}
		{CC647D2D-7994-4B22-927C-047F4D8776A9} = {7C140BB9-5D0F-4D6D-A34E-3BE5CBC2A5A5}
		{5A086E0B-174D-4A51-ADD0-5E83A9BFAD09} = {7C140BB9-5D0F-4D6D-A34E-3BE5CBC2A5A5}
		{9D1434C9-7B40-422F-808C-226FAD573B52} = {1E748272-4EC3-464C-8DD3-90A21E8EB223}
		{29BEC457-8080-4866-87E8-38372E7629B2} = {1E748272-4EC3-464C-8DD3-90A21E8EB223}
		{7A274BC2-879B-4669-9D2A-6BA4D517C084} = {1E748272-4EC3-464C-8DD3-90A21E8EB223}
		{D8AC84DF-BBCA-4072-B8B3-1AF908AF3D94} = {1E748272-4EC3-464C-8DD3-90A21E8EB223}
		{6FAA9344-61DE-4FDC-8EB2-9EF6BD1EC46E} = {1E748272-4EC3-464C-8DD3-90A21E8EB223}
		{3199EB0A-814E-4B07-A891-DC62663A49A1} = {1E748272-4EC3-464C-8DD3-90A21E8EB223}
		{4A62F937-3AB9-4725-9093-257C91ABB907} = {1E748272-4EC3-464C-8DD3-90A21E8EB223}
		{F954C450-74E8-4C0E-AE15-F2CEE2C81342} = {7C140BB9-5D0F-4D6D-A34E-3BE5CBC2A5A5}
		{0EBC9C75-7CED-470D-96AD-6F6F3745B414} = {79FBBECF-710D-4A2C-89CA-81E9446A0B76}
	EndGlobalSection
EndGlobal
